Microsoft Visual Studio Solution File, Format Version 11.00
# Visual Studio 2008

Project("{B9AB253C-748A-315E-B750-D5F567D50059}") = "Trinus+Leapmotion_Test", "Assembly-CSharp.csproj", "{80E79948-4599-BDB6-8466-6812E1FC4EF4}"
EndProject
Project("{B9AB253C-748A-315E-B750-D5F567D50059}") = "Trinus+Leapmotion_Test", "Assembly-CSharp-Editor.csproj", "{DCC8CC0B-1015-930C-C4D7-DC37743BA9CF}"
EndProject
Project("{B9AB253C-748A-315E-B750-D5F567D50059}") = "Trinus+Leapmotion_Test", "Assembly-UnityScript.unityproj", "{B3B71E4F-4A08-2EF7-F650-F100C4BBAEBC}"
EndProject
Global
	GlobalSection(SolutionConfigurationPlatforms) = preSolution
		Debug|Any CPU = Debug|Any CPU
		Release|Any CPU = Release|Any CPU
	EndGlobalSection
	GlobalSection(ProjectConfigurationPlatforms) = postSolution
		{80E79948-4599-BDB6-8466-6812E1FC4EF4}.Debug|Any CPU.ActiveCfg = Debug|Any CPU
		{80E79948-4599-BDB6-8466-6812E1FC4EF4}.Debug|Any CPU.Build.0 = Debug|Any CPU
		{80E79948-4599-BDB6-8466-6812E1FC4EF4}.Release|Any CPU.ActiveCfg = Release|Any CPU
		{80E79948-4599-BDB6-8466-6812E1FC4EF4}.Release|Any CPU.Build.0 = Release|Any CPU
		{DCC8CC0B-1015-930C-C4D7-DC37743BA9CF}.Debug|Any CPU.ActiveCfg = Debug|Any CPU
		{DCC8CC0B-1015-930C-C4D7-DC37743BA9CF}.Debug|Any CPU.Build.0 = Debug|Any CPU
		{DCC8CC0B-1015-930C-C4D7-DC37743BA9CF}.Release|Any CPU.ActiveCfg = Release|Any CPU
		{DCC8CC0B-1015-930C-C4D7-DC37743BA9CF}.Release|Any CPU.Build.0 = Release|Any CPU
		{B3B71E4F-4A08-2EF7-F650-F100C4BBAEBC}.Debug|Any CPU.ActiveCfg = Debug|Any CPU
		{B3B71E4F-4A08-2EF7-F650-F100C4BBAEBC}.Debug|Any CPU.Build.0 = Debug|Any CPU
		{B3B71E4F-4A08-2EF7-F650-F100C4BBAEBC}.Release|Any CPU.ActiveCfg = Release|Any CPU
		{B3B71E4F-4A08-2EF7-F650-F100C4BBAEBC}.Release|Any CPU.Build.0 = Release|Any CPU
	EndGlobalSection
	GlobalSection(SolutionProperties) = preSolution
		HideSolutionNode = FALSE
	EndGlobalSection
	GlobalSection(MonoDevelopProperties) = preSolution
		StartupItem = Assembly-CSharp.csproj
	EndGlobalSection
EndGlobal
